// !$*UTF8*$!
{
	archiveVersion = 1;
	classes = {
	};
	objectVersion = 51;
	objects = {

/* Begin PBXBuildFile section */
		66C7D3D8C64B71330269B724 /* Pods_ExPay.framework in Frameworks */ = {isa = PBXBuildFile; fileRef = 939FB4D8909E2C863B3A8422 /* Pods_ExPay.framework */; };
		8407550C23478324000E1222 /* SimplePasscodeView.xib in Resources */ = {isa = PBXBuildFile; fileRef = 8407550723478324000E1222 /* SimplePasscodeView.xib */; };
		8407550D23478324000E1222 /* PinView.swift in Sources */ = {isa = PBXBuildFile; fileRef = 8407550823478324000E1222 /* PinView.swift */; };
		8407550E23478324000E1222 /* PasscodeConfiguration.swift in Sources */ = {isa = PBXBuildFile; fileRef = 8407550923478324000E1222 /* PasscodeConfiguration.swift */; };
		8407550F23478324000E1222 /* PinIndicator.swift in Sources */ = {isa = PBXBuildFile; fileRef = 8407550A23478324000E1222 /* PinIndicator.swift */; };
		8407551023478324000E1222 /* SimplePasscodeView.swift in Sources */ = {isa = PBXBuildFile; fileRef = 8407550B23478324000E1222 /* SimplePasscodeView.swift */; };
		840768F5234487EF00350440 /* SecurityCodeVC.swift in Sources */ = {isa = PBXBuildFile; fileRef = 840768F4234487EF00350440 /* SecurityCodeVC.swift */; };
		848458D6234CCC8500646239 /* MyAccountVC.swift in Sources */ = {isa = PBXBuildFile; fileRef = 848458D5234CCC8500646239 /* MyAccountVC.swift */; };
		848458D8234CCDBC00646239 /* ScrollPager.swift in Sources */ = {isa = PBXBuildFile; fileRef = 848458D7234CCDBC00646239 /* ScrollPager.swift */; };
		84B13B0D23431FE900EB83EE /* AppDelegate.swift in Sources */ = {isa = PBXBuildFile; fileRef = 84B13B0C23431FE900EB83EE /* AppDelegate.swift */; };
		84B13B0F23431FE900EB83EE /* SceneDelegate.swift in Sources */ = {isa = PBXBuildFile; fileRef = 84B13B0E23431FE900EB83EE /* SceneDelegate.swift */; };
		84B13B1123431FE900EB83EE /* ViewController.swift in Sources */ = {isa = PBXBuildFile; fileRef = 84B13B1023431FE900EB83EE /* ViewController.swift */; };
		84B13B1423431FE900EB83EE /* Main.storyboard in Resources */ = {isa = PBXBuildFile; fileRef = 84B13B1223431FE900EB83EE /* Main.storyboard */; };
		84B13B1623431FE900EB83EE /* Assets.xcassets in Resources */ = {isa = PBXBuildFile; fileRef = 84B13B1523431FE900EB83EE /* Assets.xcassets */; };
		84B13B1923431FE900EB83EE /* LaunchScreen.storyboard in Resources */ = {isa = PBXBuildFile; fileRef = 84B13B1723431FE900EB83EE /* LaunchScreen.storyboard */; };
/* End PBXBuildFile section */

/* Begin PBXFileReference section */
		54C2E66D44E3C9D31F907C3D /* Pods-ExPay.debug.xcconfig */ = {isa = PBXFileReference; includeInIndex = 1; lastKnownFileType = text.xcconfig; name = "Pods-ExPay.debug.xcconfig"; path = "Target Support Files/Pods-ExPay/Pods-ExPay.debug.xcconfig"; sourceTree = "<group>"; };
		8407550723478324000E1222 /* SimplePasscodeView.xib */ = {isa = PBXFileReference; fileEncoding = 4; lastKnownFileType = file.xib; path = SimplePasscodeView.xib; sourceTree = "<group>"; };
		8407550823478324000E1222 /* PinView.swift */ = {isa = PBXFileReference; fileEncoding = 4; lastKnownFileType = sourcecode.swift; path = PinView.swift; sourceTree = "<group>"; };
		8407550923478324000E1222 /* PasscodeConfiguration.swift */ = {isa = PBXFileReference; fileEncoding = 4; lastKnownFileType = sourcecode.swift; path = PasscodeConfiguration.swift; sourceTree = "<group>"; };
		8407550A23478324000E1222 /* PinIndicator.swift */ = {isa = PBXFileReference; fileEncoding = 4; lastKnownFileType = sourcecode.swift; path = PinIndicator.swift; sourceTree = "<group>"; };
		8407550B23478324000E1222 /* SimplePasscodeView.swift */ = {isa = PBXFileReference; fileEncoding = 4; lastKnownFileType = sourcecode.swift; path = SimplePasscodeView.swift; sourceTree = "<group>"; };
		840768F4234487EF00350440 /* SecurityCodeVC.swift */ = {isa = PBXFileReference; lastKnownFileType = sourcecode.swift; path = SecurityCodeVC.swift; sourceTree = "<group>"; };
		848458D5234CCC8500646239 /* MyAccountVC.swift */ = {isa = PBXFileReference; lastKnownFileType = sourcecode.swift; path = MyAccountVC.swift; sourceTree = "<group>"; };
		848458D7234CCDBC00646239 /* ScrollPager.swift */ = {isa = PBXFileReference; lastKnownFileType = sourcecode.swift; path = ScrollPager.swift; sourceTree = "<group>"; };
		84B13B0923431FE900EB83EE /* ExPay.app */ = {isa = PBXFileReference; explicitFileType = wrapper.application; includeInIndex = 0; path = ExPay.app; sourceTree = BUILT_PRODUCTS_DIR; };
		84B13B0C23431FE900EB83EE /* AppDelegate.swift */ = {isa = PBXFileReference; lastKnownFileType = sourcecode.swift; path = AppDelegate.swift; sourceTree = "<group>"; };
		84B13B0E23431FE900EB83EE /* SceneDelegate.swift */ = {isa = PBXFileReference; lastKnownFileType = sourcecode.swift; path = SceneDelegate.swift; sourceTree = "<group>"; };
		84B13B1023431FE900EB83EE /* ViewController.swift */ = {isa = PBXFileReference; lastKnownFileType = sourcecode.swift; path = ViewController.swift; sourceTree = "<group>"; };
		84B13B1323431FE900EB83EE /* Base */ = {isa = PBXFileReference; lastKnownFileType = file.storyboard; name = Base; path = Base.lproj/Main.storyboard; sourceTree = "<group>"; };
		84B13B1523431FE900EB83EE /* Assets.xcassets */ = {isa = PBXFileReference; lastKnownFileType = folder.assetcatalog; path = Assets.xcassets; sourceTree = "<group>"; };
		84B13B1823431FE900EB83EE /* Base */ = {isa = PBXFileReference; lastKnownFileType = file.storyboard; name = Base; path = Base.lproj/LaunchScreen.storyboard; sourceTree = "<group>"; };
		84B13B1A23431FE900EB83EE /* Info.plist */ = {isa = PBXFileReference; lastKnownFileType = text.plist.xml; path = Info.plist; sourceTree = "<group>"; };
		939FB4D8909E2C863B3A8422 /* Pods_ExPay.framework */ = {isa = PBXFileReference; explicitFileType = wrapper.framework; includeInIndex = 0; path = Pods_ExPay.framework; sourceTree = BUILT_PRODUCTS_DIR; };
		E02EFF409EF861DF5EFFB737 /* Pods-ExPay.release.xcconfig */ = {isa = PBXFileReference; includeInIndex = 1; lastKnownFileType = text.xcconfig; name = "Pods-ExPay.release.xcconfig"; path = "Target Support Files/Pods-ExPay/Pods-ExPay.release.xcconfig"; sourceTree = "<group>"; };
/* End PBXFileReference section */

/* Begin PBXFrameworksBuildPhase section */
		84B13B0623431FE900EB83EE /* Frameworks */ = {
			isa = PBXFrameworksBuildPhase;
			buildActionMask = 2147483647;
			files = (
				66C7D3D8C64B71330269B724 /* Pods_ExPay.framework in Frameworks */,
			);
			runOnlyForDeploymentPostprocessing = 0;
		};
/* End PBXFrameworksBuildPhase section */

/* Begin PBXGroup section */
		8407550623478324000E1222 /* PasscodeView */ = {
			isa = PBXGroup;
			children = (
				8407550723478324000E1222 /* SimplePasscodeView.xib */,
				8407550823478324000E1222 /* PinView.swift */,
				8407550923478324000E1222 /* PasscodeConfiguration.swift */,
				8407550A23478324000E1222 /* PinIndicator.swift */,
				8407550B23478324000E1222 /* SimplePasscodeView.swift */,
			);
			path = PasscodeView;
			sourceTree = "<group>";
		};
		84B13B0023431FE900EB83EE = {
			isa = PBXGroup;
			children = (
				84B13B0B23431FE900EB83EE /* ExPay */,
				84B13B0A23431FE900EB83EE /* Products */,
				DE03BFDA641573D3EAC8E7B2 /* Pods */,
				BBD29E68026BE65DDEFA532D /* Frameworks */,
			);
			sourceTree = "<group>";
		};
		84B13B0A23431FE900EB83EE /* Products */ = {
			isa = PBXGroup;
			children = (
				84B13B0923431FE900EB83EE /* ExPay.app */,
			);
			name = Products;
			sourceTree = "<group>";
		};
		84B13B0B23431FE900EB83EE /* ExPay */ = {
			isa = PBXGroup;
			children = (
				84B13B0C23431FE900EB83EE /* AppDelegate.swift */,
				84B13B0E23431FE900EB83EE /* SceneDelegate.swift */,
				84B13B1023431FE900EB83EE /* ViewController.swift */,
				840768F4234487EF00350440 /* SecurityCodeVC.swift */,
				848458D5234CCC8500646239 /* MyAccountVC.swift */,
				84B13B1223431FE900EB83EE /* Main.storyboard */,
				8407550623478324000E1222 /* PasscodeView */,
				848458D7234CCDBC00646239 /* ScrollPager.swift */,
				84B13B1523431FE900EB83EE /* Assets.xcassets */,
				84B13B1723431FE900EB83EE /* LaunchScreen.storyboard */,
				84B13B1A23431FE900EB83EE /* Info.plist */,
			);
			path = ExPay;
			sourceTree = "<group>";
		};
		BBD29E68026BE65DDEFA532D /* Frameworks */ = {
			isa = PBXGroup;
			children = (
				939FB4D8909E2C863B3A8422 /* Pods_ExPay.framework */,
			);
			name = Frameworks;
			sourceTree = "<group>";
		};
		DE03BFDA641573D3EAC8E7B2 /* Pods */ = {
			isa = PBXGroup;
			children = (
				54C2E66D44E3C9D31F907C3D /* Pods-ExPay.debug.xcconfig */,
				E02EFF409EF861DF5EFFB737 /* Pods-ExPay.release.xcconfig */,
			);
			path = Pods;
			sourceTree = "<group>";
		};
/* End PBXGroup section */

/* Begin PBXNativeTarget section */
		84B13B0823431FE900EB83EE /* ExPay */ = {
			isa = PBXNativeTarget;
			buildConfigurationList = 84B13B1D23431FE900EB83EE /* Build configuration list for PBXNativeTarget "ExPay" */;
			buildPhases = (
				02941559D03001C3F3F3DCE1 /* [CP] Check Pods Manifest.lock */,
				84B13B0523431FE900EB83EE /* Sources */,
				84B13B0623431FE900EB83EE /* Frameworks */,
				84B13B0723431FE900EB83EE /* Resources */,
				82A9C28C2712065E9EF0D816 /* [CP] Embed Pods Frameworks */,
			);
			buildRules = (
			);
			dependencies = (
			);
			name = ExPay;
			productName = ExPay;
			productReference = 84B13B0923431FE900EB83EE /* ExPay.app */;
			productType = "com.apple.product-type.application";
		};
/* End PBXNativeTarget section */

/* Begin PBXProject section */
		84B13B0123431FE900EB83EE /* Project object */ = {
			isa = PBXProject;
			attributes = {
				LastSwiftUpdateCheck = 1100;
				LastUpgradeCheck = 1100;
				ORGANIZATIONNAME = "Nika Perepelkina";
				TargetAttributes = {
					84B13B0823431FE900EB83EE = {
						CreatedOnToolsVersion = 11.0;
					};
				};
			};
			buildConfigurationList = 84B13B0423431FE900EB83EE /* Build configuration list for PBXProject "ExPay" */;
			compatibilityVersion = "Xcode 9.3";
			developmentRegion = en;
			hasScannedForEncodings = 0;
			knownRegions = (
				en,
				Base,
			);
			mainGroup = 84B13B0023431FE900EB83EE;
			productRefGroup = 84B13B0A23431FE900EB83EE /* Products */;
			projectDirPath = "";
			projectRoot = "";
			targets = (
				84B13B0823431FE900EB83EE /* ExPay */,
			);
		};
/* End PBXProject section */

/* Begin PBXResourcesBuildPhase section */
		84B13B0723431FE900EB83EE /* Resources */ = {
			isa = PBXResourcesBuildPhase;
			buildActionMask = 2147483647;
			files = (
				84B13B1923431FE900EB83EE /* LaunchScreen.storyboard in Resources */,
				84B13B1623431FE900EB83EE /* Assets.xcassets in Resources */,
				8407550C23478324000E1222 /* SimplePasscodeView.xib in Resources */,
				84B13B1423431FE900EB83EE /* Main.storyboard in Resources */,
			);
			runOnlyForDeploymentPostprocessing = 0;
		};
/* End PBXResourcesBuildPhase section */

/* Begin PBXShellScriptBuildPhase section */
		02941559D03001C3F3F3DCE1 /* [CP] Check Pods Manifest.lock */ = {
			isa = PBXShellScriptBuildPhase;
			buildActionMask = 2147483647;
			files = (
			);
			inputFileListPaths = (
			);
			inputPaths = (
				"${PODS_PODFILE_DIR_PATH}/Podfile.lock",
				"${PODS_ROOT}/Manifest.lock",
			);
			name = "[CP] Check Pods Manifest.lock";
			outputFileListPaths = (
			);
			outputPaths = (
				"$(DERIVED_FILE_DIR)/Pods-ExPay-checkManifestLockResult.txt",
			);
			runOnlyForDeploymentPostprocessing = 0;
			shellPath = /bin/sh;
			shellScript = "diff \"${PODS_PODFILE_DIR_PATH}/Podfile.lock\" \"${PODS_ROOT}/Manifest.lock\" > /dev/null\nif [ $? != 0 ] ; then\n    # print error to STDERR\n    echo \"error: The sandbox is not in sync with the Podfile.lock. Run 'pod install' or update your CocoaPods installation.\" >&2\n    exit 1\nfi\n# This output is used by Xcode 'outputs' to avoid re-running this script phase.\necho \"SUCCESS\" > \"${SCRIPT_OUTPUT_FILE_0}\"\n";
			showEnvVarsInLog = 0;
		};
		82A9C28C2712065E9EF0D816 /* [CP] Embed Pods Frameworks */ = {
			isa = PBXShellScriptBuildPhase;
			buildActionMask = 2147483647;
			files = (
			);
			inputFileListPaths = (
				"${PODS_ROOT}/Target Support Files/Pods-ExPay/Pods-ExPay-frameworks-${CONFIGURATION}-input-files.xcfilelist",
			);
			name = "[CP] Embed Pods Frameworks";
			outputFileListPaths = (
				"${PODS_ROOT}/Target Support Files/Pods-ExPay/Pods-ExPay-frameworks-${CONFIGURATION}-output-files.xcfilelist",
			);
			runOnlyForDeploymentPostprocessing = 0;
			shellPath = /bin/sh;
			shellScript = "\"${PODS_ROOT}/Target Support Files/Pods-ExPay/Pods-ExPay-frameworks.sh\"\n";
			showEnvVarsInLog = 0;
		};
/* End PBXShellScriptBuildPhase section */

/* Begin PBXSourcesBuildPhase section */
		84B13B0523431FE900EB83EE /* Sources */ = {
			isa = PBXSourcesBuildPhase;
			buildActionMask = 2147483647;
			files = (
				8407551023478324000E1222 /* SimplePasscodeView.swift in Sources */,
				84B13B1123431FE900EB83EE /* ViewController.swift in Sources */,
				8407550F23478324000E1222 /* PinIndicator.swift in Sources */,
				84B13B0D23431FE900EB83EE /* AppDelegate.swift in Sources */,
				8407550E23478324000E1222 /* PasscodeConfiguration.swift in Sources */,
				8407550D23478324000E1222 /* PinView.swift in Sources */,
				848458D8234CCDBC00646239 /* ScrollPager.swift in Sources */,
				848458D6234CCC8500646239 /* MyAccountVC.swift in Sources */,
				84B13B0F23431FE900EB83EE /* SceneDelegate.swift in Sources */,
				840768F5234487EF00350440 /* SecurityCodeVC.swift in Sources */,
			);
			runOnlyForDeploymentPostprocessing = 0;
		};
/* End PBXSourcesBuildPhase section */

/* Begin PBXVariantGroup section */
		84B13B1223431FE900EB83EE /* Main.storyboard */ = {
			isa = PBXVariantGroup;
			children = (
				84B13B1323431FE900EB83EE /* Base */,
			);
			name = Main.storyboard;
			sourceTree = "<group>";
		};
		84B13B1723431FE900EB83EE /* LaunchScreen.storyboard */ = {
			isa = PBXVariantGroup;
			children = (
				84B13B1823431FE900EB83EE /* Base */,
			);
			name = LaunchScreen.storyboard;
			sourceTree = "<group>";
		};
/* End PBXVariantGroup section */

/* Begin XCBuildConfiguration section */
		84B13B1B23431FE900EB83EE /* Debug */ = {
			isa = XCBuildConfiguration;
			buildSettings = {
				ALWAYS_SEARCH_USER_PATHS = NO;
				CLANG_ANALYZER_NONNULL = YES;
				CLANG_ANALYZER_NUMBER_OBJECT_CONVERSION = YES_AGGRESSIVE;
				CLANG_CXX_LANGUAGE_STANDARD = "gnu++14";
				CLANG_CXX_LIBRARY = "libc++";
				CLANG_ENABLE_MODULES = YES;
				CLANG_ENABLE_OBJC_ARC = YES;
				CLANG_ENABLE_OBJC_WEAK = YES;
				CLANG_WARN_BLOCK_CAPTURE_AUTORELEASING = YES;
				CLANG_WARN_BOOL_CONVERSION = YES;
				CLANG_WARN_COMMA = YES;
				CLANG_WARN_CONSTANT_CONVERSION = YES;
				CLANG_WARN_DEPRECATED_OBJC_IMPLEMENTATIONS = YES;
				CLANG_WARN_DIRECT_OBJC_ISA_USAGE = YES_ERROR;
				CLANG_WARN_DOCUMENTATION_COMMENTS = YES;
				CLANG_WARN_EMPTY_BODY = YES;
				CLANG_WARN_ENUM_CONVERSION = YES;
				CLANG_WARN_INFINITE_RECURSION = YES;
				CLANG_WARN_INT_CONVERSION = YES;
				CLANG_WARN_NON_LITERAL_NULL_CONVERSION = YES;
				CLANG_WARN_OBJC_IMPLICIT_RETAIN_SELF = YES;
				CLANG_WARN_OBJC_LITERAL_CONVERSION = YES;
				CLANG_WARN_OBJC_ROOT_CLASS = YES_ERROR;
				CLANG_WARN_RANGE_LOOP_ANALYSIS = YES;
				CLANG_WARN_STRICT_PROTOTYPES = YES;
				CLANG_WARN_SUSPICIOUS_MOVE = YES;
				CLANG_WARN_UNGUARDED_AVAILABILITY = YES_AGGRESSIVE;
				CLANG_WARN_UNREACHABLE_CODE = YES;
				CLANG_WARN__DUPLICATE_METHOD_MATCH = YES;
				COPY_PHASE_STRIP = NO;
				DEBUG_INFORMATION_FORMAT = dwarf;
				ENABLE_STRICT_OBJC_MSGSEND = YES;
				ENABLE_TESTABILITY = YES;
				GCC_C_LANGUAGE_STANDARD = gnu11;
				GCC_DYNAMIC_NO_PIC = NO;
				GCC_NO_COMMON_BLOCKS = YES;
				GCC_OPTIMIZATION_LEVEL = 0;
				GCC_PREPROCESSOR_DEFINITIONS = (
					"DEBUG=1",
					"$(inherited)",
				);
				GCC_WARN_64_TO_32_BIT_CONVERSION = YES;
				GCC_WARN_ABOUT_RETURN_TYPE = YES_ERROR;
				GCC_WARN_UNDECLARED_SELECTOR = YES;
				GCC_WARN_UNINITIALIZED_AUTOS = YES_AGGRESSIVE;
				GCC_WARN_UNUSED_FUNCTION = YES;
				GCC_WARN_UNUSED_VARIABLE = YES;
				IPHONEOS_DEPLOYMENT_TARGET = 13.0;
				MTL_ENABLE_DEBUG_INFO = INCLUDE_SOURCE;
				MTL_FAST_MATH = YES;
				ONLY_ACTIVE_ARCH = YES;
				SDKROOT = iphoneos;
				SWIFT_ACTIVE_COMPILATION_CONDITIONS = DEBUG;
				SWIFT_OPTIMIZATION_LEVEL = "-Onone";
			};
			name = Debug;
		};
		84B13B1C23431FE900EB83EE /* Release */ = {
			isa = XCBuildConfiguration;
			buildSettings = {
				ALWAYS_SEARCH_USER_PATHS = NO;
				CLANG_ANALYZER_NONNULL = YES;
				CLANG_ANALYZER_NUMBER_OBJECT_CONVERSION = YES_AGGRESSIVE;
				CLANG_CXX_LANGUAGE_STANDARD = "gnu++14";
				CLANG_CXX_LIBRARY = "libc++";
				CLANG_ENABLE_MODULES = YES;
				CLANG_ENABLE_OBJC_ARC = YES;
				CLANG_ENABLE_OBJC_WEAK = YES;
				CLANG_WARN_BLOCK_CAPTURE_AUTORELEASING = YES;
				CLANG_WARN_BOOL_CONVERSION = YES;
				CLANG_WARN_COMMA = YES;
				CLANG_WARN_CONSTANT_CONVERSION = YES;
				CLANG_WARN_DEPRECATED_OBJC_IMPLEMENTATIONS = YES;
				CLANG_WARN_DIRECT_OBJC_ISA_USAGE = YES_ERROR;
				CLANG_WARN_DOCUMENTATION_COMMENTS = YES;
				CLANG_WARN_EMPTY_BODY = YES;
				CLANG_WARN_ENUM_CONVERSION = YES;
				CLANG_WARN_INFINITE_RECURSION = YES;
				CLANG_WARN_INT_CONVERSION = YES;
				CLANG_WARN_NON_LITERAL_NULL_CONVERSION = YES;
				CLANG_WARN_OBJC_IMPLICIT_RETAIN_SELF = YES;
				CLANG_WARN_OBJC_LITERAL_CONVERSION = YES;
				CLANG_WARN_OBJC_ROOT_CLASS = YES_ERROR;
				CLANG_WARN_RANGE_LOOP_ANALYSIS = YES;
				CLANG_WARN_STRICT_PROTOTYPES = YES;
				CLANG_WARN_SUSPICIOUS_MOVE = YES;
				CLANG_WARN_UNGUARDED_AVAILABILITY = YES_AGGRESSIVE;
				CLANG_WARN_UNREACHABLE_CODE = YES;
				CLANG_WARN__DUPLICATE_METHOD_MATCH = YES;
				COPY_PHASE_STRIP = NO;
				DEBUG_INFORMATION_FORMAT = "dwarf-with-dsym";
				ENABLE_NS_ASSERTIONS = NO;
				ENABLE_STRICT_OBJC_MSGSEND = YES;
				GCC_C_LANGUAGE_STANDARD = gnu11;
				GCC_NO_COMMON_BLOCKS = YES;
				GCC_WARN_64_TO_32_BIT_CONVERSION = YES;
				GCC_WARN_ABOUT_RETURN_TYPE = YES_ERROR;
				GCC_WARN_UNDECLARED_SELECTOR = YES;
				GCC_WARN_UNINITIALIZED_AUTOS = YES_AGGRESSIVE;
				GCC_WARN_UNUSED_FUNCTION = YES;
				GCC_WARN_UNUSED_VARIABLE = YES;
				IPHONEOS_DEPLOYMENT_TARGET = 13.0;
				MTL_ENABLE_DEBUG_INFO = NO;
				MTL_FAST_MATH = YES;
				SDKROOT = iphoneos;
				SWIFT_COMPILATION_MODE = wholemodule;
				SWIFT_OPTIMIZATION_LEVEL = "-O";
				VALIDATE_PRODUCT = YES;
			};
			name = Release;
		};
		84B13B1E23431FE900EB83EE /* Debug */ = {
			isa = XCBuildConfiguration;
			baseConfigurationReference = 54C2E66D44E3C9D31F907C3D /* Pods-ExPay.debug.xcconfig */;
			buildSettings = {
				ASSETCATALOG_COMPILER_APPICON_NAME = AppIcon;
				CODE_SIGN_STYLE = Automatic;
				INFOPLIST_FILE = ExPay/Info.plist;
				LD_RUNPATH_SEARCH_PATHS = (
					"$(inherited)",
					"@executable_path/Frameworks",
				);
				PRODUCT_BUNDLE_IDENTIFIER = "-23.ExPay";
				PRODUCT_NAME = "$(TARGET_NAME)";
				SWIFT_VERSION = 5.0;
				TARGETED_DEVICE_FAMILY = "1,2";
			};
			name = Debug;
		};
		84B13B1F23431FE900EB83EE /* Release */ = {
			isa = XCBuildConfiguration;
			baseConfigurationReference = E02EFF409EF861DF5EFFB737 /* Pods-ExPay.release.xcconfig */;
			buildSettings = {
				ASSETCATALOG_COMPILER_APPICON_NAME = AppIcon;
				CODE_SIGN_STYLE = Automatic;
				INFOPLIST_FILE = ExPay/Info.plist;
				LD_RUNPATH_SEARCH_PATHS = (
					"$(inherited)",
					"@executable_path/Frameworks",
				);
				PRODUCT_BUNDLE_IDENTIFIER = "-23.ExPay";
				PRODUCT_NAME = "$(TARGET_NAME)";
				SWIFT_VERSION = 5.0;
				TARGETED_DEVICE_FAMILY = "1,2";
			};
			name = Release;
		};
/* End XCBuildConfiguration section */

/* Begin XCConfigurationList section */
		84B13B0423431FE900EB83EE /* Build configuration list for PBXProject "ExPay" */ = {
			isa = XCConfigurationList;
			buildConfigurations = (
				84B13B1B23431FE900EB83EE /* Debug */,
				84B13B1C23431FE900EB83EE /* Release */,
			);
			defaultConfigurationIsVisible = 0;
			defaultConfigurationName = Release;
		};
		84B13B1D23431FE900EB83EE /* Build configuration list for PBXNativeTarget "ExPay" */ = {
			isa = XCConfigurationList;
			buildConfigurations = (
				84B13B1E23431FE900EB83EE /* Debug */,
				84B13B1F23431FE900EB83EE /* Release */,
			);
			defaultConfigurationIsVisible = 0;
			defaultConfigurationName = Release;
		};
/* End XCConfigurationList section */
	};
	rootObject = 84B13B0123431FE900EB83EE /* Project object */;
}
